Microsoft Visual Studio Solution File, Format Version 12.00
# Visual Studio Version 17
VisualStudioVersion = 17.5.2.0
MinimumVisualStudioVersion = 10.0.40219.1
Project("{FAE04EC0-301F-11D3-BF4B-00C04F79EFBC}") = "ModifiedUser", "ModifiedUser.csproj", "{DE3DD884-62AF-36B9-EE77-5C393040DB68}"
EndProject
Global
	GlobalSection(SolutionConfigurationPlatforms) = preSolution
		Debug|Any CPU = Debug|Any CPU
		Release|Any CPU = Release|Any CPU
	EndGlobalSection
	GlobalSection(ProjectConfigurationPlatforms) = postSolution
		{DE3DD884-62AF-36B9-EE77-5C393040DB68}.Debug|Any CPU.ActiveCfg = Debug|Any CPU
		{DE3DD884-62AF-36B9-EE77-5C393040DB68}.Debug|Any CPU.Build.0 = Debug|Any CPU
		{DE3DD884-62AF-36B9-EE77-5C393040DB68}.Release|Any CPU.ActiveCfg = Release|Any CPU
		{DE3DD884-62AF-36B9-EE77-5C393040DB68}.Release|Any CPU.Build.0 = Release|Any CPU
	EndGlobalSection
	GlobalSection(SolutionProperties) = preSolution
		HideSolutionNode = FALSE
	EndGlobalSection
	GlobalSection(ExtensibilityGlobals) = postSolution
		SolutionGuid = {B5141195-5617-4FDA-8059-EA22B9EB22AD}
	EndGlobalSection
EndGlobal
